
Microsoft Visual Studio Solution File, Format Version 12.00
# Visual Studio Version 17
VisualStudioVersion = 17.7.34031.279
MinimumVisualStudioVersion = 10.0.40219.1
Project("{FAE04EC0-301F-11D3-BF4B-00C04F79EFBC}") = "practic3", "practic3\practic3.csproj", "{9836945B-39A1-4405-A5F1-44FB885694FB}"
EndProject
Global
	GlobalSection(SolutionConfigurationPlatforms) = preSolution
		Debug|Any CPU = Debug|Any CPU
		Release|Any CPU = Release|Any CPU
	EndGlobalSection
	GlobalSection(ProjectConfigurationPlatforms) = postSolution
		{9836945B-39A1-4405-A5F1-44FB885694FB}.Debug|Any CPU.ActiveCfg = Debug|Any CPU
		{9836945B-39A1-4405-A5F1-44FB885694FB}.Debug|Any CPU.Build.0 = Debug|Any CPU
		{9836945B-39A1-4405-A5F1-44FB885694FB}.Release|Any CPU.ActiveCfg = Release|Any CPU
		{9836945B-39A1-4405-A5F1-44FB885694FB}.Release|Any CPU.Build.0 = Release|Any CPU
	EndGlobalSection
	GlobalSection(SolutionProperties) = preSolution
		HideSolutionNode = FALSE
	EndGlobalSection
	GlobalSection(ExtensibilityGlobals) = postSolution
		SolutionGuid = {F08A0BEA-898E-459A-8B13-1C400D569164}
	EndGlobalSection
EndGlobal
